
Microsoft Visual Studio Solution File, Format Version 12.00
# Visual Studio Version 17
VisualStudioVersion = 17.14.35906.104
MinimumVisualStudioVersion = 10.0.40219.1
Project("{8BC9CEB8-8B4A-11D0-8D11-00A0C91BC942}") = "system", "system.vcxproj", "{FB4575E3-70F2-454F-889C-35A1B50E1288}"
EndProject
Project("{FAE04EC0-301F-11D3-BF4B-00C04F79EFBC}") = "c# system", "..\c# system\c# system.csproj", "{82F56FEB-D4E9-4DCA-8C49-48258030AD7E}"
EndProject
Global
	GlobalSection(SolutionConfigurationPlatforms) = preSolution
		Debug|Any CPU = Debug|Any CPU
		Debug|x64 = Debug|x64
		Debug|x86 = Debug|x86
		Release|Any CPU = Release|Any CPU
		Release|x64 = Release|x64
		Release|x86 = Release|x86
	EndGlobalSection
	GlobalSection(ProjectConfigurationPlatforms) = postSolution
		{FB4575E3-70F2-454F-889C-35A1B50E1288}.Debug|Any CPU.ActiveCfg = Debug|x64
		{FB4575E3-70F2-454F-889C-35A1B50E1288}.Debug|Any CPU.Build.0 = Debug|x64
		{FB4575E3-70F2-454F-889C-35A1B50E1288}.Debug|x64.ActiveCfg = Debug|x64
		{FB4575E3-70F2-454F-889C-35A1B50E1288}.Debug|x64.Build.0 = Debug|x64
		{FB4575E3-70F2-454F-889C-35A1B50E1288}.Debug|x86.ActiveCfg = Debug|Win32
		{FB4575E3-70F2-454F-889C-35A1B50E1288}.Debug|x86.Build.0 = Debug|Win32
		{FB4575E3-70F2-454F-889C-35A1B50E1288}.Release|Any CPU.ActiveCfg = Release|x64
		{FB4575E3-70F2-454F-889C-35A1B50E1288}.Release|Any CPU.Build.0 = Release|x64
		{FB4575E3-70F2-454F-889C-35A1B50E1288}.Release|x64.ActiveCfg = Release|x64
		{FB4575E3-70F2-454F-889C-35A1B50E1288}.Release|x64.Build.0 = Release|x64
		{FB4575E3-70F2-454F-889C-35A1B50E1288}.Release|x86.ActiveCfg = Release|Win32
		{FB4575E3-70F2-454F-889C-35A1B50E1288}.Release|x86.Build.0 = Release|Win32
		{82F56FEB-D4E9-4DCA-8C49-48258030AD7E}.Debug|Any CPU.ActiveCfg = Debug|Any CPU
		{82F56FEB-D4E9-4DCA-8C49-48258030AD7E}.Debug|Any CPU.Build.0 = Debug|Any CPU
		{82F56FEB-D4E9-4DCA-8C49-48258030AD7E}.Debug|x64.ActiveCfg = Debug|Any CPU
		{82F56FEB-D4E9-4DCA-8C49-48258030AD7E}.Debug|x64.Build.0 = Debug|Any CPU
		{82F56FEB-D4E9-4DCA-8C49-48258030AD7E}.Debug|x86.ActiveCfg = Debug|Any CPU
		{82F56FEB-D4E9-4DCA-8C49-48258030AD7E}.Debug|x86.Build.0 = Debug|Any CPU
		{82F56FEB-D4E9-4DCA-8C49-48258030AD7E}.Release|Any CPU.ActiveCfg = Release|Any CPU
		{82F56FEB-D4E9-4DCA-8C49-48258030AD7E}.Release|Any CPU.Build.0 = Release|Any CPU
		{82F56FEB-D4E9-4DCA-8C49-48258030AD7E}.Release|x64.ActiveCfg = Release|Any CPU
		{82F56FEB-D4E9-4DCA-8C49-48258030AD7E}.Release|x64.Build.0 = Release|Any CPU
		{82F56FEB-D4E9-4DCA-8C49-48258030AD7E}.Release|x86.ActiveCfg = Release|Any CPU
		{82F56FEB-D4E9-4DCA-8C49-48258030AD7E}.Release|x86.Build.0 = Release|Any CPU
	EndGlobalSection
	GlobalSection(SolutionProperties) = preSolution
		HideSolutionNode = FALSE
	EndGlobalSection
	GlobalSection(ExtensibilityGlobals) = postSolution
		SolutionGuid = {C320783B-0631-48E9-9C41-BF05AC189967}
	EndGlobalSection
EndGlobal
